// !$*UTF8*$!
{
	archiveVersion = 1;
	classes = {
	};
	objectVersion = 46;
	objects = {

/* Begin PBXBuildFile section */
		1D2698021B603DD400C75B49 /* AppDelegate.swift in Sources */ = {isa = PBXBuildFile; fileRef = 1D2698011B603DD400C75B49 /* AppDelegate.swift */; };
		1D2698041B603DD400C75B49 /* MUTableViewController.swift in Sources */ = {isa = PBXBuildFile; fileRef = 1D2698031B603DD400C75B49 /* MUTableViewController.swift */; };
		1D2698071B603DD400C75B49 /* Main.storyboard in Resources */ = {isa = PBXBuildFile; fileRef = 1D2698051B603DD400C75B49 /* Main.storyboard */; };
		1D2698091B603DD400C75B49 /* Images.xcassets in Resources */ = {isa = PBXBuildFile; fileRef = 1D2698081B603DD400C75B49 /* Images.xcassets */; };
		1D26980C1B603DD400C75B49 /* LaunchScreen.xib in Resources */ = {isa = PBXBuildFile; fileRef = 1D26980A1B603DD400C75B49 /* LaunchScreen.xib */; };
		1D2698181B603DD400C75B49 /* MoocUp_ApiParseInterfaceTests.swift in Sources */ = {isa = PBXBuildFile; fileRef = 1D2698171B603DD400C75B49 /* MoocUp_ApiParseInterfaceTests.swift */; };
		1D2698251B613F5200C75B49 /* Bolts.framework in Frameworks */ = {isa = PBXBuildFile; fileRef = 1D2698241B613F5200C75B49 /* Bolts.framework */; };
		1D2698271B613F6200C75B49 /* Parse.framework in Frameworks */ = {isa = PBXBuildFile; fileRef = 1D2698261B613F6200C75B49 /* Parse.framework */; };
		1D2698291B613F9A00C75B49 /* AudioToolbox.framework in Frameworks */ = {isa = PBXBuildFile; fileRef = 1D2698281B613F9A00C75B49 /* AudioToolbox.framework */; };
		1D26982B1B613FAB00C75B49 /* CFNetwork.framework in Frameworks */ = {isa = PBXBuildFile; fileRef = 1D26982A1B613FAB00C75B49 /* CFNetwork.framework */; };
		1D26982D1B613FB200C75B49 /* CoreGraphics.framework in Frameworks */ = {isa = PBXBuildFile; fileRef = 1D26982C1B613FB200C75B49 /* CoreGraphics.framework */; };
		1D26982F1B613FBF00C75B49 /* CoreLocation.framework in Frameworks */ = {isa = PBXBuildFile; fileRef = 1D26982E1B613FBF00C75B49 /* CoreLocation.framework */; };
		1D2698311B613FC600C75B49 /* QuartzCore.framework in Frameworks */ = {isa = PBXBuildFile; fileRef = 1D2698301B613FC600C75B49 /* QuartzCore.framework */; };
		1D2698331B613FD000C75B49 /* Security.framework in Frameworks */ = {isa = PBXBuildFile; fileRef = 1D2698321B613FD000C75B49 /* Security.framework */; };
		1D2698351B613FD600C75B49 /* StoreKit.framework in Frameworks */ = {isa = PBXBuildFile; fileRef = 1D2698341B613FD600C75B49 /* StoreKit.framework */; };
		1D2698371B613FEB00C75B49 /* SystemConfiguration.framework in Frameworks */ = {isa = PBXBuildFile; fileRef = 1D2698361B613FEB00C75B49 /* SystemConfiguration.framework */; };
		1D2698391B613FFA00C75B49 /* libz.dylib in Frameworks */ = {isa = PBXBuildFile; fileRef = 1D2698381B613FFA00C75B49 /* libz.dylib */; };
		1D26983B1B61400D00C75B49 /* libsqlite3.dylib in Frameworks */ = {isa = PBXBuildFile; fileRef = 1D26983A1B61400D00C75B49 /* libsqlite3.dylib */; };
/* End PBXBuildFile section */

/* Begin PBXContainerItemProxy section */
		1D2698121B603DD400C75B49 /* PBXContainerItemProxy */ = {
			isa = PBXContainerItemProxy;
			containerPortal = 1D2697F41B603DD400C75B49 /* Project object */;
			proxyType = 1;
			remoteGlobalIDString = 1D2697FB1B603DD400C75B49;
			remoteInfo = "MoocUp-ApiParseInterface";
		};
/* End PBXContainerItemProxy section */

/* Begin PBXFileReference section */
		1D2697FC1B603DD400C75B49 /* MoocUp-ApiParseInterface.app */ = {isa = PBXFileReference; explicitFileType = wrapper.application; includeInIndex = 0; path = "MoocUp-ApiParseInterface.app"; sourceTree = BUILT_PRODUCTS_DIR; };
		1D2698001B603DD400C75B49 /* Info.plist */ = {isa = PBXFileReference; lastKnownFileType = text.plist.xml; path = Info.plist; sourceTree = "<group>"; };
		1D2698011B603DD400C75B49 /* AppDelegate.swift */ = {isa = PBXFileReference; lastKnownFileType = sourcecode.swift; path = AppDelegate.swift; sourceTree = "<group>"; };
		1D2698031B603DD400C75B49 /* MUTableViewController.swift */ = {isa = PBXFileReference; lastKnownFileType = sourcecode.swift; path = MUTableViewController.swift; sourceTree = "<group>"; };
		1D2698061B603DD400C75B49 /* Base */ = {isa = PBXFileReference; lastKnownFileType = file.storyboard; name = Base; path = Base.lproj/Main.storyboard; sourceTree = "<group>"; };
		1D2698081B603DD400C75B49 /* Images.xcassets */ = {isa = PBXFileReference; lastKnownFileType = folder.assetcatalog; path = Images.xcassets; sourceTree = "<group>"; };
		1D26980B1B603DD400C75B49 /* Base */ = {isa = PBXFileReference; lastKnownFileType = file.xib; name = Base; path = Base.lproj/LaunchScreen.xib; sourceTree = "<group>"; };
		1D2698111B603DD400C75B49 /* MoocUp-ApiParseInterfaceTests.xctest */ = {isa = PBXFileReference; explicitFileType = wrapper.cfbundle; includeInIndex = 0; path = "MoocUp-ApiParseInterfaceTests.xctest"; sourceTree = BUILT_PRODUCTS_DIR; };
		1D2698161B603DD400C75B49 /* Info.plist */ = {isa = PBXFileReference; lastKnownFileType = text.plist.xml; path = Info.plist; sourceTree = "<group>"; };
		1D2698171B603DD400C75B49 /* MoocUp_ApiParseInterfaceTests.swift */ = {isa = PBXFileReference; lastKnownFileType = sourcecode.swift; path = MoocUp_ApiParseInterfaceTests.swift; sourceTree = "<group>"; };
		1D2698211B603E1E00C75B49 /* MoocUp-ApiParseInterface-Bridging-Header.h */ = {isa = PBXFileReference; lastKnownFileType = sourcecode.c.h; path = "MoocUp-ApiParseInterface-Bridging-Header.h"; sourceTree = "<group>"; };
		1D2698241B613F5200C75B49 /* Bolts.framework */ = {isa = PBXFileReference; lastKnownFileType = wrapper.framework; path = Bolts.framework; sourceTree = "<group>"; };
		1D2698261B613F6200C75B49 /* Parse.framework */ = {isa = PBXFileReference; lastKnownFileType = wrapper.framework; path = Parse.framework; sourceTree = "<group>"; };
		1D2698281B613F9A00C75B49 /* AudioToolbox.framework */ = {isa = PBXFileReference; lastKnownFileType = wrapper.framework; name = AudioToolbox.framework; path = System/Library/Frameworks/AudioToolbox.framework; sourceTree = SDKROOT; };
		1D26982A1B613FAB00C75B49 /* CFNetwork.framework */ = {isa = PBXFileReference; lastKnownFileType = wrapper.framework; name = CFNetwork.framework; path = System/Library/Frameworks/CFNetwork.framework; sourceTree = SDKROOT; };
		1D26982C1B613FB200C75B49 /* CoreGraphics.framework */ = {isa = PBXFileReference; lastKnownFileType = wrapper.framework; name = CoreGraphics.framework; path = System/Library/Frameworks/CoreGraphics.framework; sourceTree = SDKROOT; };
		1D26982E1B613FBF00C75B49 /* CoreLocation.framework */ = {isa = PBXFileReference; lastKnownFileType = wrapper.framework; name = CoreLocation.framework; path = System/Library/Frameworks/CoreLocation.framework; sourceTree = SDKROOT; };
		1D2698301B613FC600C75B49 /* QuartzCore.framework */ = {isa = PBXFileReference; lastKnownFileType = wrapper.framework; name = QuartzCore.framework; path = System/Library/Frameworks/QuartzCore.framework; sourceTree = SDKROOT; };
		1D2698321B613FD000C75B49 /* Security.framework */ = {isa = PBXFileReference; lastKnownFileType = wrapper.framework; name = Security.framework; path = System/Library/Frameworks/Security.framework; sourceTree = SDKROOT; };
		1D2698341B613FD600C75B49 /* StoreKit.framework */ = {isa = PBXFileReference; lastKnownFileType = wrapper.framework; name = StoreKit.framework; path = System/Library/Frameworks/StoreKit.framework; sourceTree = SDKROOT; };
		1D2698361B613FEB00C75B49 /* SystemConfiguration.framework */ = {isa = PBXFileReference; lastKnownFileType = wrapper.framework; name = SystemConfiguration.framework; path = System/Library/Frameworks/SystemConfiguration.framework; sourceTree = SDKROOT; };
		1D2698381B613FFA00C75B49 /* libz.dylib */ = {isa = PBXFileReference; lastKnownFileType = "compiled.mach-o.dylib"; name = libz.dylib; path = usr/lib/libz.dylib; sourceTree = SDKROOT; };
		1D26983A1B61400D00C75B49 /* libsqlite3.dylib */ = {isa = PBXFileReference; lastKnownFileType = "compiled.mach-o.dylib"; name = libsqlite3.dylib; path = usr/lib/libsqlite3.dylib; sourceTree = SDKROOT; };
/* End PBXFileReference section */

/* Begin PBXFrameworksBuildPhase section */
		1D2697F91B603DD400C75B49 /* Frameworks */ = {
			isa = PBXFrameworksBuildPhase;
			buildActionMask = 2147483647;
			files = (
				1D26983B1B61400D00C75B49 /* libsqlite3.dylib in Frameworks */,
				1D2698391B613FFA00C75B49 /* libz.dylib in Frameworks */,
				1D2698371B613FEB00C75B49 /* SystemConfiguration.framework in Frameworks */,
				1D2698351B613FD600C75B49 /* StoreKit.framework in Frameworks */,
				1D2698331B613FD000C75B49 /* Security.framework in Frameworks */,
				1D2698311B613FC600C75B49 /* QuartzCore.framework in Frameworks */,
				1D26982F1B613FBF00C75B49 /* CoreLocation.framework in Frameworks */,
				1D26982D1B613FB200C75B49 /* CoreGraphics.framework in Frameworks */,
				1D26982B1B613FAB00C75B49 /* CFNetwork.framework in Frameworks */,
				1D2698291B613F9A00C75B49 /* AudioToolbox.framework in Frameworks */,
				1D2698271B613F6200C75B49 /* Parse.framework in Frameworks */,
				1D2698251B613F5200C75B49 /* Bolts.framework in Frameworks */,
			);
			runOnlyForDeploymentPostprocessing = 0;
		};
		1D26980E1B603DD400C75B49 /* Frameworks */ = {
			isa = PBXFrameworksBuildPhase;
			buildActionMask = 2147483647;
			files = (
			);
			runOnlyForDeploymentPostprocessing = 0;
		};
/* End PBXFrameworksBuildPhase section */

/* Begin PBXGroup section */
		1D2697F31B603DD400C75B49 = {
			isa = PBXGroup;
			children = (
				1D2697FE1B603DD400C75B49 /* MoocUp-ApiParseInterface */,
				1D26983C1B61768D00C75B49 /* Frameworks */,
				1D2698141B603DD400C75B49 /* MoocUp-ApiParseInterfaceTests */,
				1D2697FD1B603DD400C75B49 /* Products */,
			);
			sourceTree = "<group>";
		};
		1D2697FD1B603DD400C75B49 /* Products */ = {
			isa = PBXGroup;
			children = (
				1D2697FC1B603DD400C75B49 /* MoocUp-ApiParseInterface.app */,
				1D2698111B603DD400C75B49 /* MoocUp-ApiParseInterfaceTests.xctest */,
			);
			name = Products;
			sourceTree = "<group>";
		};
		1D2697FE1B603DD400C75B49 /* MoocUp-ApiParseInterface */ = {
			isa = PBXGroup;
			children = (
				1D2698011B603DD400C75B49 /* AppDelegate.swift */,
				1D2698031B603DD400C75B49 /* MUTableViewController.swift */,
				1D2698051B603DD400C75B49 /* Main.storyboard */,
				1D2698081B603DD400C75B49 /* Images.xcassets */,
				1D26980A1B603DD400C75B49 /* LaunchScreen.xib */,
				1D2697FF1B603DD400C75B49 /* Supporting Files */,
			);
			path = "MoocUp-ApiParseInterface";
			sourceTree = "<group>";
		};
		1D2697FF1B603DD400C75B49 /* Supporting Files */ = {
			isa = PBXGroup;
			children = (
				1D2698211B603E1E00C75B49 /* MoocUp-ApiParseInterface-Bridging-Header.h */,
				1D2698001B603DD400C75B49 /* Info.plist */,
			);
			name = "Supporting Files";
			sourceTree = "<group>";
		};
		1D2698141B603DD400C75B49 /* MoocUp-ApiParseInterfaceTests */ = {
			isa = PBXGroup;
			children = (
				1D2698171B603DD400C75B49 /* MoocUp_ApiParseInterfaceTests.swift */,
				1D2698151B603DD400C75B49 /* Supporting Files */,
			);
			path = "MoocUp-ApiParseInterfaceTests";
			sourceTree = "<group>";
		};
		1D2698151B603DD400C75B49 /* Supporting Files */ = {
			isa = PBXGroup;
			children = (
				1D2698161B603DD400C75B49 /* Info.plist */,
			);
			name = "Supporting Files";
			sourceTree = "<group>";
		};
		1D26983C1B61768D00C75B49 /* Frameworks */ = {
			isa = PBXGroup;
			children = (
				1D26983A1B61400D00C75B49 /* libsqlite3.dylib */,
				1D2698381B613FFA00C75B49 /* libz.dylib */,
				1D2698361B613FEB00C75B49 /* SystemConfiguration.framework */,
				1D2698341B613FD600C75B49 /* StoreKit.framework */,
				1D2698321B613FD000C75B49 /* Security.framework */,
				1D2698301B613FC600C75B49 /* QuartzCore.framework */,
				1D26982E1B613FBF00C75B49 /* CoreLocation.framework */,
				1D26982C1B613FB200C75B49 /* CoreGraphics.framework */,
				1D26982A1B613FAB00C75B49 /* CFNetwork.framework */,
				1D2698281B613F9A00C75B49 /* AudioToolbox.framework */,
				1D2698261B613F6200C75B49 /* Parse.framework */,
				1D2698241B613F5200C75B49 /* Bolts.framework */,
			);
			name = Frameworks;
			sourceTree = "<group>";
		};
/* End PBXGroup section */

/* Begin PBXNativeTarget section */
		1D2697FB1B603DD400C75B49 /* MoocUp-ApiParseInterface */ = {
			isa = PBXNativeTarget;
			buildConfigurationList = 1D26981B1B603DD400C75B49 /* Build configuration list for PBXNativeTarget "MoocUp-ApiParseInterface" */;
			buildPhases = (
				1D2697F81B603DD400C75B49 /* Sources */,
				1D2697F91B603DD400C75B49 /* Frameworks */,
				1D2697FA1B603DD400C75B49 /* Resources */,
			);
			buildRules = (
			);
			dependencies = (
			);
			name = "MoocUp-ApiParseInterface";
			productName = "MoocUp-ApiParseInterface";
			productReference = 1D2697FC1B603DD400C75B49 /* MoocUp-ApiParseInterface.app */;
			productType = "com.apple.product-type.application";
		};
		1D2698101B603DD400C75B49 /* MoocUp-ApiParseInterfaceTests */ = {
			isa = PBXNativeTarget;
			buildConfigurationList = 1D26981E1B603DD400C75B49 /* Build configuration list for PBXNativeTarget "MoocUp-ApiParseInterfaceTests" */;
			buildPhases = (
				1D26980D1B603DD400C75B49 /* Sources */,
				1D26980E1B603DD400C75B49 /* Frameworks */,
				1D26980F1B603DD400C75B49 /* Resources */,
			);
			buildRules = (
			);
			dependencies = (
				1D2698131B603DD400C75B49 /* PBXTargetDependency */,
			);
			name = "MoocUp-ApiParseInterfaceTests";
			productName = "MoocUp-ApiParseInterfaceTests";
			productReference = 1D2698111B603DD400C75B49 /* MoocUp-ApiParseInterfaceTests.xctest */;
			productType = "com.apple.product-type.bundle.unit-test";
		};
/* End PBXNativeTarget section */

/* Begin PBXProject section */
		1D2697F41B603DD400C75B49 /* Project object */ = {
			isa = PBXProject;
			attributes = {
				LastUpgradeCheck = 0640;
				ORGANIZATIONNAME = "Ancil Marshall";
				TargetAttributes = {
					1D2697FB1B603DD400C75B49 = {
						CreatedOnToolsVersion = 6.4;
					};
					1D2698101B603DD400C75B49 = {
						CreatedOnToolsVersion = 6.4;
						TestTargetID = 1D2697FB1B603DD400C75B49;
					};
				};
			};
			buildConfigurationList = 1D2697F71B603DD400C75B49 /* Build configuration list for PBXProject "MoocUp-ApiParseInterface" */;
			compatibilityVersion = "Xcode 3.2";
			developmentRegion = English;
			hasScannedForEncodings = 0;
			knownRegions = (
				en,
				Base,
			);
			mainGroup = 1D2697F31B603DD400C75B49;
			productRefGroup = 1D2697FD1B603DD400C75B49 /* Products */;
			projectDirPath = "";
			projectRoot = "";
			targets = (
				1D2697FB1B603DD400C75B49 /* MoocUp-ApiParseInterface */,
				1D2698101B603DD400C75B49 /* MoocUp-ApiParseInterfaceTests */,
			);
		};
/* End PBXProject section */

/* Begin PBXResourcesBuildPhase section */
		1D2697FA1B603DD400C75B49 /* Resources */ = {
			isa = PBXResourcesBuildPhase;
			buildActionMask = 2147483647;
			files = (
				1D2698071B603DD400C75B49 /* Main.storyboard in Resources */,
				1D26980C1B603DD400C75B49 /* LaunchScreen.xib in Resources */,
				1D2698091B603DD400C75B49 /* Images.xcassets in Resources */,
			);
			runOnlyForDeploymentPostprocessing = 0;
		};
		1D26980F1B603DD400C75B49 /* Resources */ = {
			isa = PBXResourcesBuildPhase;
			buildActionMask = 2147483647;
			files = (
			);
			runOnlyForDeploymentPostprocessing = 0;
		};
/* End PBXResourcesBuildPhase section */

/* Begin PBXSourcesBuildPhase section */
		1D2697F81B603DD400C75B49 /* Sources */ = {
			isa = PBXSourcesBuildPhase;
			buildActionMask = 2147483647;
			files = (
				1D2698041B603DD400C75B49 /* MUTableViewController.swift in Sources */,
				1D2698021B603DD400C75B49 /* AppDelegate.swift in Sources */,
			);
			runOnlyForDeploymentPostprocessing = 0;
		};
		1D26980D1B603DD400C75B49 /* Sources */ = {
			isa = PBXSourcesBuildPhase;
			buildActionMask = 2147483647;
			files = (
				1D2698181B603DD400C75B49 /* MoocUp_ApiParseInterfaceTests.swift in Sources */,
			);
			runOnlyForDeploymentPostprocessing = 0;
		};
/* End PBXSourcesBuildPhase section */

/* Begin PBXTargetDependency section */
		1D2698131B603DD400C75B49 /* PBXTargetDependency */ = {
			isa = PBXTargetDependency;
			target = 1D2697FB1B603DD400C75B49 /* MoocUp-ApiParseInterface */;
			targetProxy = 1D2698121B603DD400C75B49 /* PBXContainerItemProxy */;
		};
/* End PBXTargetDependency section */

/* Begin PBXVariantGroup section */
		1D2698051B603DD400C75B49 /* Main.storyboard */ = {
			isa = PBXVariantGroup;
			children = (
				1D2698061B603DD400C75B49 /* Base */,
			);
			name = Main.storyboard;
			sourceTree = "<group>";
		};
		1D26980A1B603DD400C75B49 /* LaunchScreen.xib */ = {
			isa = PBXVariantGroup;
			children = (
				1D26980B1B603DD400C75B49 /* Base */,
			);
			name = LaunchScreen.xib;
			sourceTree = "<group>";
		};
/* End PBXVariantGroup section */

/* Begin XCBuildConfiguration section */
		1D2698191B603DD400C75B49 /* Debug */ = {
			isa = XCBuildConfiguration;
			buildSettings = {
				ALWAYS_SEARCH_USER_PATHS = NO;
				CLANG_CXX_LANGUAGE_STANDARD = "gnu++0x";
				CLANG_CXX_LIBRARY = "libc++";
				CLANG_ENABLE_MODULES = YES;
				CLANG_ENABLE_OBJC_ARC = YES;
				CLANG_WARN_BOOL_CONVERSION = YES;
				CLANG_WARN_CONSTANT_CONVERSION = YES;
				CLANG_WARN_DIRECT_OBJC_ISA_USAGE = YES_ERROR;
				CLANG_WARN_EMPTY_BODY = YES;
				CLANG_WARN_ENUM_CONVERSION = YES;
				CLANG_WARN_INT_CONVERSION = YES;
				CLANG_WARN_OBJC_ROOT_CLASS = YES_ERROR;
				CLANG_WARN_UNREACHABLE_CODE = YES;
				CLANG_WARN__DUPLICATE_METHOD_MATCH = YES;
				"CODE_SIGN_IDENTITY[sdk=iphoneos*]" = "iPhone Developer";
				COPY_PHASE_STRIP = NO;
				DEBUG_INFORMATION_FORMAT = "dwarf-with-dsym";
				ENABLE_STRICT_OBJC_MSGSEND = YES;
				GCC_C_LANGUAGE_STANDARD = gnu99;
				GCC_DYNAMIC_NO_PIC = NO;
				GCC_NO_COMMON_BLOCKS = YES;
				GCC_OPTIMIZATION_LEVEL = 0;
				GCC_PREPROCESSOR_DEFINITIONS = (
					"DEBUG=1",
					"$(inherited)",
				);
				GCC_SYMBOLS_PRIVATE_EXTERN = NO;
				GCC_WARN_64_TO_32_BIT_CONVERSION = YES;
				GCC_WARN_ABOUT_RETURN_TYPE = YES_ERROR;
				GCC_WARN_UNDECLARED_SELECTOR = YES;
				GCC_WARN_UNINITIALIZED_AUTOS = YES_AGGRESSIVE;
				GCC_WARN_UNUSED_FUNCTION = YES;
				GCC_WARN_UNUSED_VARIABLE = YES;
				IPHONEOS_DEPLOYMENT_TARGET = 8.4;
				MTL_ENABLE_DEBUG_INFO = YES;
				ONLY_ACTIVE_ARCH = YES;
				SDKROOT = iphoneos;
				SWIFT_OPTIMIZATION_LEVEL = "-Onone";
				TARGETED_DEVICE_FAMILY = "1,2";
			};
			name = Debug;
		};
		1D26981A1B603DD400C75B49 /* Release */ = {
			isa = XCBuildConfiguration;
			buildSettings = {
				ALWAYS_SEARCH_USER_PATHS = NO;
				CLANG_CXX_LANGUAGE_STANDARD = "gnu++0x";
				CLANG_CXX_LIBRARY = "libc++";
				CLANG_ENABLE_MODULES = YES;
				CLANG_ENABLE_OBJC_ARC = YES;
				CLANG_WARN_BOOL_CONVERSION = YES;
				CLANG_WARN_CONSTANT_CONVERSION = YES;
				CLANG_WARN_DIRECT_OBJC_ISA_USAGE = YES_ERROR;
				CLANG_WARN_EMPTY_BODY = YES;
				CLANG_WARN_ENUM_CONVERSION = YES;
				CLANG_WARN_INT_CONVERSION = YES;
				CLANG_WARN_OBJC_ROOT_CLASS = YES_ERROR;
				CLANG_WARN_UNREACHABLE_CODE = YES;
				CLANG_WARN__DUPLICATE_METHOD_MATCH = YES;
				"CODE_SIGN_IDENTITY[sdk=iphoneos*]" = "iPhone Developer";
				COPY_PHASE_STRIP = NO;
				DEBUG_INFORMATION_FORMAT = "dwarf-with-dsym";
				ENABLE_NS_ASSERTIONS = NO;
				ENABLE_STRICT_OBJC_MSGSEND = YES;
				GCC_C_LANGUAGE_STANDARD = gnu99;
				GCC_NO_COMMON_BLOCKS = YES;
				GCC_WARN_64_TO_32_BIT_CONVERSION = YES;
				GCC_WARN_ABOUT_RETURN_TYPE = YES_ERROR;
				GCC_WARN_UNDECLARED_SELECTOR = YES;
				GCC_WARN_UNINITIALIZED_AUTOS = YES_AGGRESSIVE;
				GCC_WARN_UNUSED_FUNCTION = YES;
				GCC_WARN_UNUSED_VARIABLE = YES;
				IPHONEOS_DEPLOYMENT_TARGET = 8.4;
				MTL_ENABLE_DEBUG_INFO = NO;
				SDKROOT = iphoneos;
				TARGETED_DEVICE_FAMILY = "1,2";
				VALIDATE_PRODUCT = YES;
			};
			name = Release;
		};
		1D26981C1B603DD400C75B49 /* Debug */ = {
			isa = XCBuildConfiguration;
			buildSettings = {
				ASSETCATALOG_COMPILER_APPICON_NAME = AppIcon;
				CLANG_ENABLE_MODULES = YES;
				FRAMEWORK_SEARCH_PATHS = (
					"$(inherited)",
					"$(PROJECT_DIR)",
				);
				INFOPLIST_FILE = "MoocUp-ApiParseInterface/Info.plist";
				LD_RUNPATH_SEARCH_PATHS = "$(inherited) @executable_path/Frameworks";
				PRODUCT_NAME = "$(TARGET_NAME)";
				SWIFT_OBJC_BRIDGING_HEADER = "MoocUp-ApiParseInterface/MoocUp-ApiParseInterface-Bridging-Header.h";
				SWIFT_OPTIMIZATION_LEVEL = "-Onone";
			};
			name = Debug;
		};
		1D26981D1B603DD400C75B49 /* Release */ = {
			isa = XCBuildConfiguration;
			buildSettings = {
				ASSETCATALOG_COMPILER_APPICON_NAME = AppIcon;
				CLANG_ENABLE_MODULES = YES;
				FRAMEWORK_SEARCH_PATHS = (
					"$(inherited)",
					"$(PROJECT_DIR)",
				);
				INFOPLIST_FILE = "MoocUp-ApiParseInterface/Info.plist";
				LD_RUNPATH_SEARCH_PATHS = "$(inherited) @executable_path/Frameworks";
				PRODUCT_NAME = "$(TARGET_NAME)";
				SWIFT_OBJC_BRIDGING_HEADER = "MoocUp-ApiParseInterface/MoocUp-ApiParseInterface-Bridging-Header.h";
			};
			name = Release;
		};
		1D26981F1B603DD400C75B49 /* Debug */ = {
			isa = XCBuildConfiguration;
			buildSettings = {
				BUNDLE_LOADER = "$(TEST_HOST)";
				FRAMEWORK_SEARCH_PATHS = (
					"$(SDKROOT)/Developer/Library/Frameworks",
					"$(inherited)",
				);
				GCC_PREPROCESSOR_DEFINITIONS = (
					"DEBUG=1",
					"$(inherited)",
				);
				INFOPLIST_FILE = "MoocUp-ApiParseInterfaceTests/Info.plist";
				LD_RUNPATH_SEARCH_PATHS = "$(inherited) @executable_path/Frameworks @loader_path/Frameworks";
				PRODUCT_NAME = "$(TARGET_NAME)";
				TEST_HOST = "$(BUILT_PRODUCTS_DIR)/MoocUp-ApiParseInterface.app/MoocUp-ApiParseInterface";
			};
			name = Debug;
		};
		1D2698201B603DD400C75B49 /* Release */ = {
			isa = XCBuildConfiguration;
			buildSettings = {
				BUNDLE_LOADER = "$(TEST_HOST)";
				FRAMEWORK_SEARCH_PATHS = (
					"$(SDKROOT)/Developer/Library/Frameworks",
					"$(inherited)",
				);
				INFOPLIST_FILE = "MoocUp-ApiParseInterfaceTests/Info.plist";
				LD_RUNPATH_SEARCH_PATHS = "$(inherited) @executable_path/Frameworks @loader_path/Frameworks";
				PRODUCT_NAME = "$(TARGET_NAME)";
				TEST_HOST = "$(BUILT_PRODUCTS_DIR)/MoocUp-ApiParseInterface.app/MoocUp-ApiParseInterface";
			};
			name = Release;
		};
/* End XCBuildConfiguration section */

/* Begin XCConfigurationList section */
		1D2697F71B603DD400C75B49 /* Build configuration list for PBXProject "MoocUp-ApiParseInterface" */ = {
			isa = XCConfigurationList;
			buildConfigurations = (
				1D2698191B603DD400C75B49 /* Debug */,
				1D26981A1B603DD400C75B49 /* Release */,
			);
			defaultConfigurationIsVisible = 0;
			defaultConfigurationName = Release;
		};
		1D26981B1B603DD400C75B49 /* Build configuration list for PBXNativeTarget "MoocUp-ApiParseInterface" */ = {
			isa = XCConfigurationList;
			buildConfigurations = (
				1D26981C1B603DD400C75B49 /* Debug */,
				1D26981D1B603DD400C75B49 /* Release */,
			);
			defaultConfigurationIsVisible = 0;
			defaultConfigurationName = Release;
		};
		1D26981E1B603DD400C75B49 /* Build configuration list for PBXNativeTarget "MoocUp-ApiParseInterfaceTests" */ = {
			isa = XCConfigurationList;
			buildConfigurations = (
				1D26981F1B603DD400C75B49 /* Debug */,
				1D2698201B603DD400C75B49 /* Release */,
			);
			defaultConfigurationIsVisible = 0;
			defaultConfigurationName = Release;
		};
/* End XCConfigurationList section */
	};
	rootObject = 1D2697F41B603DD400C75B49 /* Project object */;
}
